{
  "name": "api-lambda-crud-s3",
  "version": "1.0.0",
  "lockfileVersion": 1,
  "requires": true,
  "dependencies": {
    "@aws-cdk/assets": {
      "version": "1.21.1",
      "resolved": "https://registry.npmjs.org/@aws-cdk/assets/-/assets-1.21.1.tgz",
      "integrity": "sha512-/HsZZ8/GY097VtfNWKcyH4sHUCfb09rdMbdQyUeItesJfD8u6yiDnRMUTZmxagVHj2CjRjkp9N7Of4zrubUc5w==",
      "dev": true,
      "requires": {
        "@aws-cdk/core": "1.21.1",
        "@aws-cdk/cx-api": "1.21.1",
        "minimatch": "^3.0.4"
      },
      "dependencies": {
        "balanced-match": {
          "version": "1.0.0",
          "bundled": true,
          "dev": true
        },
        "brace-expansion": {
          "version": "1.1.11",
          "bundled": true,
          "dev": true,
          "requires": {
            "balanced-match": "^1.0.0",
            "concat-map": "0.0.1"
          }
        },
        "concat-map": {
          "version": "0.0.1",
          "bundled": true,
          "dev": true
        },
        "minimatch": {
          "version": "3.0.4",
          "bundled": true,
          "dev": true,
          "requires": {
            "brace-expansion": "^1.1.7"
          }
        }
      }
    },
    "@aws-cdk/aws-apigateway": {
      "version": "1.21.1",
      "resolved": "https://registry.npmjs.org/@aws-cdk/aws-apigateway/-/aws-apigateway-1.21.1.tgz",
      "integrity": "sha512-BCX+Af9i7QLc3yrGbwXWA36Yz5Xdfkm9xtz0wx01h/Rcwk3aSKe5bnqLnozIATXabhy39mgrO8hdpilLUGSPjA==",
      "dev": true,
      "requires": {
        "@aws-cdk/aws-certificatemanager": "1.21.1",
        "@aws-cdk/aws-elasticloadbalancingv2": "1.21.1",
        "@aws-cdk/aws-iam": "1.21.1",
        "@aws-cdk/aws-lambda": "1.21.1",
        "@aws-cdk/core": "1.21.1"
      }
    },
    "@aws-cdk/aws-certificatemanager": {
      "version": "1.21.1",
      "resolved": "https://registry.npmjs.org/@aws-cdk/aws-certificatemanager/-/aws-certificatemanager-1.21.1.tgz",
      "integrity": "sha512-TZ/rPJ3tFKItSvt7LfYjpgJtnzZQ3TxxphzqZ/iXOM8R0V8j8+1p1cio94b65pi/O2iw7npjpr55XTghXDcYEg==",
      "dev": true,
      "requires": {
        "@aws-cdk/aws-cloudformation": "1.21.1",
        "@aws-cdk/aws-iam": "1.21.1",
        "@aws-cdk/aws-lambda": "1.21.1",
        "@aws-cdk/aws-route53": "1.21.1",
        "@aws-cdk/core": "1.21.1"
      }
    },
    "@aws-cdk/aws-cloudformation": {
      "version": "1.21.1",
      "resolved": "https://registry.npmjs.org/@aws-cdk/aws-cloudformation/-/aws-cloudformation-1.21.1.tgz",
      "integrity": "sha512-s979zq5BAnHD0r4JGZ2a5ODMf+IAIru4wLLYmgRkZlXzwK5hQzaPrFUZLovMa+hrS5rlDKV+cOrc8clLXPggyg==",
      "dev": true,
      "requires": {
        "@aws-cdk/aws-iam": "1.21.1",
        "@aws-cdk/aws-lambda": "1.21.1",
        "@aws-cdk/aws-s3": "1.21.1",
        "@aws-cdk/aws-sns": "1.21.1",
        "@aws-cdk/core": "1.21.1",
        "@aws-cdk/cx-api": "1.21.1"
      }
    },
    "@aws-cdk/aws-cloudwatch": {
      "version": "1.21.1",
      "resolved": "https://registry.npmjs.org/@aws-cdk/aws-cloudwatch/-/aws-cloudwatch-1.21.1.tgz",
      "integrity": "sha512-6ZDVopqcIkozdl5/Px7hDalvLlommXhPUqKaYqDvDyi2pYW07bAV8yigmqw01pltyJuohjTFvZ3HQLTaCzfoaA==",
      "dev": true,
      "requires": {
        "@aws-cdk/aws-iam": "1.21.1",
        "@aws-cdk/core": "1.21.1"
      }
    },
    "@aws-cdk/aws-ec2": {
      "version": "1.21.1",
      "resolved": "https://registry.npmjs.org/@aws-cdk/aws-ec2/-/aws-ec2-1.21.1.tgz",
      "integrity": "sha512-TjcnD1BbRtv4d2lZww5a0Xb8VmpSq50GqmcO1FTOXb2Ti3UpRXZTMJkzXW59za7wLr4tRnKG5B9sLpwQflllzQ==",
      "dev": true,
      "requires": {
        "@aws-cdk/aws-cloudwatch": "1.21.1",
        "@aws-cdk/aws-iam": "1.21.1",
        "@aws-cdk/aws-ssm": "1.21.1",
        "@aws-cdk/core": "1.21.1",
        "@aws-cdk/cx-api": "1.21.1"
      }
    },
    "@aws-cdk/aws-elasticloadbalancingv2": {
      "version": "1.21.1",
      "resolved": "https://registry.npmjs.org/@aws-cdk/aws-elasticloadbalancingv2/-/aws-elasticloadbalancingv2-1.21.1.tgz",
      "integrity": "sha512-P+kItfZfxwWSSvYw30+pY/Px4tE4nVyFcW3SHlwYWtfumOBM65hRBYPhMcQLRcnxmMbj8gLnF6ME+Nz12h71Xg==",
      "dev": true,
      "requires": {
        "@aws-cdk/aws-certificatemanager": "1.21.1",
        "@aws-cdk/aws-cloudwatch": "1.21.1",
        "@aws-cdk/aws-ec2": "1.21.1",
        "@aws-cdk/aws-iam": "1.21.1",
        "@aws-cdk/aws-lambda": "1.21.1",
        "@aws-cdk/aws-s3": "1.21.1",
        "@aws-cdk/core": "1.21.1"
      }
    },
    "@aws-cdk/aws-events": {
      "version": "1.21.1",
      "resolved": "https://registry.npmjs.org/@aws-cdk/aws-events/-/aws-events-1.21.1.tgz",
      "integrity": "sha512-0Nk7HbZegLmzST8FQ0y8qtEXazdoj8asGakWn9SJsz8/dN7UvO6q7ZW2bRiYdOZnxMDY21LuN3ljbjI2m+PIeg==",
      "dev": true,
      "requires": {
        "@aws-cdk/aws-iam": "1.21.1",
        "@aws-cdk/core": "1.21.1"
      }
    },
    "@aws-cdk/aws-iam": {
      "version": "1.21.1",
      "resolved": "https://registry.npmjs.org/@aws-cdk/aws-iam/-/aws-iam-1.21.1.tgz",
      "integrity": "sha512-0gh844lbBqjUXLFhiKEioX4nzxBnEUfb8cnEYy8jUQVYu1PpP9WYu7EAaq5rVitCuMBFvtyQE/mWSvjhIA4Ghg==",
      "dev": true,
      "requires": {
        "@aws-cdk/core": "1.21.1",
        "@aws-cdk/region-info": "1.21.1"
      }
    },
    "@aws-cdk/aws-kms": {
      "version": "1.21.1",
      "resolved": "https://registry.npmjs.org/@aws-cdk/aws-kms/-/aws-kms-1.21.1.tgz",
      "integrity": "sha512-ou/1vGgQ/L0LaUQSsvKqUjcZsqfSl+YBR6tr/EJfdgeGpVeQ+T3gBfZ+bOi4wZQfHV8JLdtmokDoKB7vnZNhXA==",
      "dev": true,
      "requires": {
        "@aws-cdk/aws-iam": "1.21.1",
        "@aws-cdk/core": "1.21.1"
      }
    },
    "@aws-cdk/aws-lambda": {
      "version": "1.21.1",
      "resolved": "https://registry.npmjs.org/@aws-cdk/aws-lambda/-/aws-lambda-1.21.1.tgz",
      "integrity": "sha512-Mtg/TrfKDP78RPkNW84LXmxzbZJsznw4wCcvht0GpjOAeNoKmktFQLP7tIwO1uAEb1X98yBG3SRGUizgZNTD/w==",
      "dev": true,
      "requires": {
        "@aws-cdk/aws-cloudwatch": "1.21.1",
        "@aws-cdk/aws-ec2": "1.21.1",
        "@aws-cdk/aws-events": "1.21.1",
        "@aws-cdk/aws-iam": "1.21.1",
        "@aws-cdk/aws-logs": "1.21.1",
        "@aws-cdk/aws-s3": "1.21.1",
        "@aws-cdk/aws-s3-assets": "1.21.1",
        "@aws-cdk/aws-sqs": "1.21.1",
        "@aws-cdk/core": "1.21.1",
        "@aws-cdk/cx-api": "1.21.1"
      }
    },
    "@aws-cdk/aws-logs": {
      "version": "1.21.1",
      "resolved": "https://registry.npmjs.org/@aws-cdk/aws-logs/-/aws-logs-1.21.1.tgz",
      "integrity": "sha512-qW56azaExuzFjClp1uGBPkNExMi2/VA/Wrsm08pt/K6BKYN7T/L+gmnFbYXno4iO6b6QxUiUbbvq6AtqTVawOw==",
      "dev": true,
      "requires": {
        "@aws-cdk/aws-cloudwatch": "1.21.1",
        "@aws-cdk/aws-iam": "1.21.1",
        "@aws-cdk/core": "1.21.1"
      }
    },
    "@aws-cdk/aws-route53": {
      "version": "1.21.1",
      "resolved": "https://registry.npmjs.org/@aws-cdk/aws-route53/-/aws-route53-1.21.1.tgz",
      "integrity": "sha512-cE+29UmZb/NhfKUgc/vPAtdEPBuZmTNHqGoNpVXdEfodMXLCnlI2IlcldHApBe6ihI6v2fTjsRhN3u3RzlkEGw==",
      "dev": true,
      "requires": {
        "@aws-cdk/aws-ec2": "1.21.1",
        "@aws-cdk/aws-logs": "1.21.1",
        "@aws-cdk/core": "1.21.1",
        "@aws-cdk/cx-api": "1.21.1"
      }
    },
    "@aws-cdk/aws-s3": {
      "version": "1.21.1",
      "resolved": "https://registry.npmjs.org/@aws-cdk/aws-s3/-/aws-s3-1.21.1.tgz",
      "integrity": "sha512-Z9haF9hFYSTtlME4ABFZw3MoP8UwKpB45cNq1qN1vHOrNDASJtbgYlmFBN8w7zU44gscHuMouD7nzqSh2tWQ7A==",
      "dev": true,
      "requires": {
        "@aws-cdk/aws-events": "1.21.1",
        "@aws-cdk/aws-iam": "1.21.1",
        "@aws-cdk/aws-kms": "1.21.1",
        "@aws-cdk/core": "1.21.1"
      }
    },
    "@aws-cdk/aws-s3-assets": {
      "version": "1.21.1",
      "resolved": "https://registry.npmjs.org/@aws-cdk/aws-s3-assets/-/aws-s3-assets-1.21.1.tgz",
      "integrity": "sha512-99mrxJyfCeLrSO3QTLtgaEqjM7AK8f2bxowLeoxys7YPMgviMyGldmiPQNifeWNmGodm/dAg8gZYy9m/w7rHeA==",
      "dev": true,
      "requires": {
        "@aws-cdk/assets": "1.21.1",
        "@aws-cdk/aws-iam": "1.21.1",
        "@aws-cdk/aws-s3": "1.21.1",
        "@aws-cdk/core": "1.21.1",
        "@aws-cdk/cx-api": "1.21.1"
      }
    },
    "@aws-cdk/aws-sns": {
      "version": "1.21.1",
      "resolved": "https://registry.npmjs.org/@aws-cdk/aws-sns/-/aws-sns-1.21.1.tgz",
      "integrity": "sha512-FLK8MmMgqtXdrQwSVz+ixM6+VURPvAN84JYboLuiFOQs+QFfSoYozL8/A1S4rY5LAWcYFHH2rBBsVnXkTeyiOA==",
      "dev": true,
      "requires": {
        "@aws-cdk/aws-cloudwatch": "1.21.1",
        "@aws-cdk/aws-events": "1.21.1",
        "@aws-cdk/aws-iam": "1.21.1",
        "@aws-cdk/aws-kms": "1.21.1",
        "@aws-cdk/core": "1.21.1"
      }
    },
    "@aws-cdk/aws-sqs": {
      "version": "1.21.1",
      "resolved": "https://registry.npmjs.org/@aws-cdk/aws-sqs/-/aws-sqs-1.21.1.tgz",
      "integrity": "sha512-y1dxwjP9i3WfPG1rKjONK3QNX0u0c9FgIlRa9JLre0qMJ3dg4XwYun4VBNsfTVU/m8kcD6nT11H8UPKsLa5jFA==",
      "dev": true,
      "requires": {
        "@aws-cdk/aws-cloudwatch": "1.21.1",
        "@aws-cdk/aws-iam": "1.21.1",
        "@aws-cdk/aws-kms": "1.21.1",
        "@aws-cdk/core": "1.21.1"
      }
    },
    "@aws-cdk/aws-ssm": {
      "version": "1.21.1",
      "resolved": "https://registry.npmjs.org/@aws-cdk/aws-ssm/-/aws-ssm-1.21.1.tgz",
      "integrity": "sha512-O++xY7lmRqv2OXTtDCKI67XI1zC/hG5DqEsFwypDH2cCloJldBs0A+OBcJ0jxwrz9O4dCbggDGp5R9IVBpbfdQ==",
      "dev": true,
      "requires": {
        "@aws-cdk/aws-iam": "1.21.1",
        "@aws-cdk/aws-kms": "1.21.1",
        "@aws-cdk/core": "1.21.1",
        "@aws-cdk/cx-api": "1.21.1"
      }
    },
    "@aws-cdk/core": {
      "version": "1.21.1",
      "resolved": "https://registry.npmjs.org/@aws-cdk/core/-/core-1.21.1.tgz",
      "integrity": "sha512-2gmvxyTWhYIrnGRW8Wg0yfZKogYk8H7D8CNIhX79HaF0u7fMnL8MMo9HC7cfiqxkGjFMm851U3ogrjj3chmzyg==",
      "dev": true,
      "requires": {
        "@aws-cdk/cx-api": "1.21.1"
      }
    },
    "@aws-cdk/cx-api": {
      "version": "1.21.1",
      "resolved": "https://registry.npmjs.org/@aws-cdk/cx-api/-/cx-api-1.21.1.tgz",
      "integrity": "sha512-GRvRjq/8LXOCCUQi/GFbgHH/x+RkAMIile13yU+UHeXJSI8nV6B+NmJw/bZWg773MVRBq7OMAD0srR9hnZdqHA==",
      "dev": true,
      "requires": {
        "semver": "^7.1.1"
      },
      "dependencies": {
        "semver": {
          "version": "7.1.1",
          "bundled": true,
          "dev": true
        }
      }
    },
    "@aws-cdk/region-info": {
      "version": "1.21.1",
      "resolved": "https://registry.npmjs.org/@aws-cdk/region-info/-/region-info-1.21.1.tgz",
      "integrity": "sha512-9xsYf6l8/2tYvcAHOP6TD9o0in8Aqb8iF2c1CRlfLfLf9zDwHON559wBpJsugNGt1AiNkOTrQBDzppvVBH4OEg==",
      "dev": true
    },
    "@types/node": {
      "version": "10.17.19",
      "resolved": "https://registry.npmjs.org/@types/node/-/node-10.17.19.tgz",
      "integrity": "sha512-46/xThm3zvvc9t9/7M3AaLEqtOpqlYYYcCZbpYVAQHG20+oMZBkae/VMrn4BTi6AJ8cpack0mEXhGiKmDNbLrQ==",
      "dev": true
    },
    "aws-sdk": {
      "version": "2.656.0",
      "resolved": "https://registry.npmjs.org/aws-sdk/-/aws-sdk-2.656.0.tgz",
      "integrity": "sha512-UzqDvvt6i7gpuzEdK0GT/JOfBJcsCPranzZWdQ9HR4+5E0m5kf5gybZ6OX+UseIAE2/WND6Dv0aHgiI21AKenw==",
      "requires": {
        "buffer": "4.9.1",
        "events": "1.1.1",
        "ieee754": "1.1.13",
        "jmespath": "0.15.0",
        "querystring": "0.2.0",
        "sax": "1.2.1",
        "url": "0.10.3",
        "uuid": "3.3.2",
        "xml2js": "0.4.19"
      },
      "dependencies": {
        "uuid": {
          "version": "3.3.2",
          "resolved": "https://registry.npmjs.org/uuid/-/uuid-3.3.2.tgz",
          "integrity": "sha512-yXJmeNaw3DnnKAOKJE51sL/ZaYfWJRl1pK9dr19YFCu0ObS231AB1/LbqTKRAQ5kw8A90rA6fr4riOUpTZvQZA=="
        }
      }
    },
    "base64-js": {
      "version": "1.3.1",
      "resolved": "https://registry.npmjs.org/base64-js/-/base64-js-1.3.1.tgz",
      "integrity": "sha512-mLQ4i2QO1ytvGWFWmcngKO//JXAQueZvwEKtjgQFM4jIK0kU+ytMfplL8j+n5mspOfjHwoAg+9yhb7BwAHm36g=="
    },
    "buffer": {
      "version": "4.9.1",
      "resolved": "https://registry.npmjs.org/buffer/-/buffer-4.9.1.tgz",
      "integrity": "sha1-bRu2AbB6TvztlwlBMgkwJ8lbwpg=",
      "requires": {
        "base64-js": "^1.0.2",
        "ieee754": "^1.1.4",
        "isarray": "^1.0.0"
      }
    },
    "events": {
      "version": "1.1.1",
      "resolved": "https://registry.npmjs.org/events/-/events-1.1.1.tgz",
      "integrity": "sha1-nr23Y1rQmccNzEwqH1AEKI6L2SQ="
    },
    "ieee754": {
      "version": "1.1.13",
      "resolved": "https://registry.npmjs.org/ieee754/-/ieee754-1.1.13.tgz",
      "integrity": "sha512-4vf7I2LYV/HaWerSo3XmlMkp5eZ83i+/CDluXi/IGTs/O1sejBNhTtnxzmRZfvOUqj7lZjqHkeTvpgSFDlWZTg=="
    },
    "isarray": {
      "version": "1.0.0",
      "resolved": "https://registry.npmjs.org/isarray/-/isarray-1.0.0.tgz",
      "integrity": "sha1-u5NdSFgsuhaMBoNJV6VKPgcSTxE="
    },
    "jmespath": {
      "version": "0.15.0",
      "resolved": "https://registry.npmjs.org/jmespath/-/jmespath-0.15.0.tgz",
      "integrity": "sha1-o/Iiqarp+Wb10nx5ZRDigJF2Qhc="
    },
    "punycode": {
      "version": "1.3.2",
      "resolved": "https://registry.npmjs.org/punycode/-/punycode-1.3.2.tgz",
      "integrity": "sha1-llOgNvt8HuQjQvIyXM7v6jkmxI0="
    },
    "querystring": {
      "version": "0.2.0",
      "resolved": "https://registry.npmjs.org/querystring/-/querystring-0.2.0.tgz",
      "integrity": "sha1-sgmEkgO7Jd+CDadW50cAWHhSFiA="
    },
    "sax": {
      "version": "1.2.1",
      "resolved": "https://registry.npmjs.org/sax/-/sax-1.2.1.tgz",
      "integrity": "sha1-e45lYZCyKOgaZq6nSEgNgozS03o="
    },
    "typescript": {
      "version": "3.7.5",
      "resolved": "https://registry.npmjs.org/typescript/-/typescript-3.7.5.tgz",
      "integrity": "sha512-/P5lkRXkWHNAbcJIiHPfRoKqyd7bsyCma1hZNUGfn20qm64T6ZBlrzprymeu918H+mB/0rIg2gGK/BXkhhYgBw==",
      "dev": true
    },
    "url": {
      "version": "0.10.3",
      "resolved": "https://registry.npmjs.org/url/-/url-0.10.3.tgz",
      "integrity": "sha1-Ah5NnHcF8hu/N9A861h2dAJ3TGQ=",
      "requires": {
        "punycode": "1.3.2",
        "querystring": "0.2.0"
      }
    },
    "xml2js": {
      "version": "0.4.19",
      "resolved": "https://registry.npmjs.org/xml2js/-/xml2js-0.4.19.tgz",
      "integrity": "sha512-esZnJZJOiJR9wWKMyuvSE1y6Dq5LCuJanqhxslH2bxM6duahNZ+HMpCLhBQGZkbX6xRf8x1Y2eJlgt2q3qo49Q==",
      "requires": {
        "sax": ">=0.6.0",
        "xmlbuilder": "~9.0.1"
      }
    },
    "xmlbuilder": {
      "version": "9.0.7",
      "resolved": "https://registry.npmjs.org/xmlbuilder/-/xmlbuilder-9.0.7.tgz",
      "integrity": "sha1-Ey7mPS7FVlxVfiD0wi35rKaGsQ0="
    }
  }
}
